// !$*UTF8*$!
{
	archiveVersion = 1;
	classes = {
	};
	objectVersion = 56;
	objects = {

/* Begin PBXBuildFile section */
		DF31F1372B02CC65006A47F4 /* TesKey Watch App.app in Embed Watch Content */ = {isa = PBXBuildFile; fileRef = DF31F1362B02CC65006A47F4 /* TesKey Watch App.app */; settings = {ATTRIBUTES = (RemoveHeadersOnCopy, ); }; };
		DF31F13C2B02CC65006A47F4 /* TesKeyApp.swift in Sources */ = {isa = PBXBuildFile; fileRef = DF31F13B2B02CC65006A47F4 /* TesKeyApp.swift */; };
		DF31F13E2B02CC65006A47F4 /* GetStartedView.swift in Sources */ = {isa = PBXBuildFile; fileRef = DF31F13D2B02CC65006A47F4 /* GetStartedView.swift */; };
		DF31F1402B02CC67006A47F4 /* Assets.xcassets in Resources */ = {isa = PBXBuildFile; fileRef = DF31F13F2B02CC67006A47F4 /* Assets.xcassets */; };
		DF31F1432B02CC67006A47F4 /* Preview Assets.xcassets in Resources */ = {isa = PBXBuildFile; fileRef = DF31F1422B02CC67006A47F4 /* Preview Assets.xcassets */; };
		DF3F9D732B095C7000FB2A0E /* CryptoSwift in Frameworks */ = {isa = PBXBuildFile; productRef = DF3F9D722B095C7000FB2A0E /* CryptoSwift */; };
		DF3F9D752B09813200FB2A0E /* SessionManager.swift in Sources */ = {isa = PBXBuildFile; fileRef = DF3F9D742B09813200FB2A0E /* SessionManager.swift */; };
		DF3F9D762B09813200FB2A0E /* SessionManager.swift in Sources */ = {isa = PBXBuildFile; fileRef = DF3F9D742B09813200FB2A0E /* SessionManager.swift */; };
		DF930FD42B058501003869D5 /* errors.pb.swift in Sources */ = {isa = PBXBuildFile; fileRef = DF930FCD2B058501003869D5 /* errors.pb.swift */; };
		DF930FD52B058501003869D5 /* keys.pb.swift in Sources */ = {isa = PBXBuildFile; fileRef = DF930FCE2B058501003869D5 /* keys.pb.swift */; };
		DF930FD62B058501003869D5 /* universal_message.pb.swift in Sources */ = {isa = PBXBuildFile; fileRef = DF930FCF2B058501003869D5 /* universal_message.pb.swift */; };
		DF930FD72B058501003869D5 /* vehicle.pb.swift in Sources */ = {isa = PBXBuildFile; fileRef = DF930FD02B058501003869D5 /* vehicle.pb.swift */; };
		DF930FD82B058501003869D5 /* car_server.pb.swift in Sources */ = {isa = PBXBuildFile; fileRef = DF930FD12B058501003869D5 /* car_server.pb.swift */; };
		DF930FD92B058501003869D5 /* signatures.pb.swift in Sources */ = {isa = PBXBuildFile; fileRef = DF930FD22B058501003869D5 /* signatures.pb.swift */; };
		DF930FDA2B058501003869D5 /* common.pb.swift in Sources */ = {isa = PBXBuildFile; fileRef = DF930FD32B058501003869D5 /* common.pb.swift */; };
		DF930FDD2B058F7F003869D5 /* ContentView.swift in Sources */ = {isa = PBXBuildFile; fileRef = DF930FDC2B058F7F003869D5 /* ContentView.swift */; };
		DF930FDF2B059098003869D5 /* DiscoveryView.swift in Sources */ = {isa = PBXBuildFile; fileRef = DF930FDE2B059098003869D5 /* DiscoveryView.swift */; };
		DF930FE12B059E55003869D5 /* DisconnectedView.swift in Sources */ = {isa = PBXBuildFile; fileRef = DF930FE02B059E55003869D5 /* DisconnectedView.swift */; };
		DF930FE32B059E77003869D5 /* ConnectFailedView.swift in Sources */ = {isa = PBXBuildFile; fileRef = DF930FE22B059E77003869D5 /* ConnectFailedView.swift */; };
		DF930FE52B05A0DB003869D5 /* ConnectingView.swift in Sources */ = {isa = PBXBuildFile; fileRef = DF930FE42B05A0DB003869D5 /* ConnectingView.swift */; };
		DF930FE72B05A497003869D5 /* Vehicle.swift in Sources */ = {isa = PBXBuildFile; fileRef = DF930FE62B05A497003869D5 /* Vehicle.swift */; };
		DF930FE92B05C438003869D5 /* Signer.swift in Sources */ = {isa = PBXBuildFile; fileRef = DF930FE82B05C438003869D5 /* Signer.swift */; };
		DF930FEB2B05CA31003869D5 /* Metadata.swift in Sources */ = {isa = PBXBuildFile; fileRef = DF930FEA2B05CA31003869D5 /* Metadata.swift */; };
		DF930FED2B05D9A1003869D5 /* Crypto.swift in Sources */ = {isa = PBXBuildFile; fileRef = DF930FEC2B05D9A1003869D5 /* Crypto.swift */; };
		DF930FF22B065FAD003869D5 /* Model.xcdatamodeld in Sources */ = {isa = PBXBuildFile; fileRef = DF930FF02B065FAD003869D5 /* Model.xcdatamodeld */; };
		DF930FFC2B072607003869D5 /* TesKey_PhoneTestApp.swift in Sources */ = {isa = PBXBuildFile; fileRef = DF930FFB2B072607003869D5 /* TesKey_PhoneTestApp.swift */; };
		DF9310002B072608003869D5 /* Assets.xcassets in Resources */ = {isa = PBXBuildFile; fileRef = DF930FFF2B072608003869D5 /* Assets.xcassets */; };
		DF9310032B072608003869D5 /* Preview Assets.xcassets in Resources */ = {isa = PBXBuildFile; fileRef = DF9310022B072608003869D5 /* Preview Assets.xcassets */; };
		DF9310082B07262E003869D5 /* Model.xcdatamodeld in Sources */ = {isa = PBXBuildFile; fileRef = DF930FF02B065FAD003869D5 /* Model.xcdatamodeld */; };
		DF9310092B072640003869D5 /* Metadata.swift in Sources */ = {isa = PBXBuildFile; fileRef = DF930FEA2B05CA31003869D5 /* Metadata.swift */; };
		DF93100A2B072640003869D5 /* Vehicle.swift in Sources */ = {isa = PBXBuildFile; fileRef = DF930FE62B05A497003869D5 /* Vehicle.swift */; };
		DF93100B2B072640003869D5 /* BluetoothManager.swift in Sources */ = {isa = PBXBuildFile; fileRef = DFD10B8A2B03FF83007E8477 /* BluetoothManager.swift */; };
		DF93100C2B072640003869D5 /* Signer.swift in Sources */ = {isa = PBXBuildFile; fileRef = DF930FE82B05C438003869D5 /* Signer.swift */; };
		DF93100D2B072640003869D5 /* Crypto.swift in Sources */ = {isa = PBXBuildFile; fileRef = DF930FEC2B05D9A1003869D5 /* Crypto.swift */; };
		DF93100E2B072640003869D5 /* BluetoothManager-CMDelegate.swift in Sources */ = {isa = PBXBuildFile; fileRef = DFD10B8C2B03FFA9007E8477 /* BluetoothManager-CMDelegate.swift */; };
		DF9310102B072644003869D5 /* universal_message.pb.swift in Sources */ = {isa = PBXBuildFile; fileRef = DF930FCF2B058501003869D5 /* universal_message.pb.swift */; };
		DF9310112B072644003869D5 /* car_server.pb.swift in Sources */ = {isa = PBXBuildFile; fileRef = DF930FD12B058501003869D5 /* car_server.pb.swift */; };
		DF9310122B072644003869D5 /* signatures.pb.swift in Sources */ = {isa = PBXBuildFile; fileRef = DF930FD22B058501003869D5 /* signatures.pb.swift */; };
		DF9310132B072644003869D5 /* vehicle.pb.swift in Sources */ = {isa = PBXBuildFile; fileRef = DF930FD02B058501003869D5 /* vehicle.pb.swift */; };
		DF9310142B072644003869D5 /* keys.pb.swift in Sources */ = {isa = PBXBuildFile; fileRef = DF930FCE2B058501003869D5 /* keys.pb.swift */; };
		DF9310152B072644003869D5 /* vcsec.pb.swift in Sources */ = {isa = PBXBuildFile; fileRef = DFD10B872B03BE0B007E8477 /* vcsec.pb.swift */; };
		DF9310162B072644003869D5 /* errors.pb.swift in Sources */ = {isa = PBXBuildFile; fileRef = DF930FCD2B058501003869D5 /* errors.pb.swift */; };
		DF9310172B072644003869D5 /* common.pb.swift in Sources */ = {isa = PBXBuildFile; fileRef = DF930FD32B058501003869D5 /* common.pb.swift */; };
		DF9310182B072648003869D5 /* DiscoveryView.swift in Sources */ = {isa = PBXBuildFile; fileRef = DF930FDE2B059098003869D5 /* DiscoveryView.swift */; };
		DF9310192B072648003869D5 /* ContentView.swift in Sources */ = {isa = PBXBuildFile; fileRef = DF930FDC2B058F7F003869D5 /* ContentView.swift */; };
		DF93101A2B072648003869D5 /* ConnectFailedView.swift in Sources */ = {isa = PBXBuildFile; fileRef = DF930FE22B059E77003869D5 /* ConnectFailedView.swift */; };
		DF93101B2B072648003869D5 /* DisconnectedView.swift in Sources */ = {isa = PBXBuildFile; fileRef = DF930FE02B059E55003869D5 /* DisconnectedView.swift */; };
		DF93101C2B072648003869D5 /* GetStartedView.swift in Sources */ = {isa = PBXBuildFile; fileRef = DF31F13D2B02CC65006A47F4 /* GetStartedView.swift */; };
		DF93101D2B072648003869D5 /* ConnectingView.swift in Sources */ = {isa = PBXBuildFile; fileRef = DF930FE42B05A0DB003869D5 /* ConnectingView.swift */; };
		DF9310202B072678003869D5 /* SwiftProtobuf in Frameworks */ = {isa = PBXBuildFile; productRef = DF93101F2B072678003869D5 /* SwiftProtobuf */; };
		DF9310222B0750BF003869D5 /* Dispatcher.swift in Sources */ = {isa = PBXBuildFile; fileRef = DF9310212B0750BF003869D5 /* Dispatcher.swift */; };
		DF9310232B0750BF003869D5 /* Dispatcher.swift in Sources */ = {isa = PBXBuildFile; fileRef = DF9310212B0750BF003869D5 /* Dispatcher.swift */; };
		DF9310252B080FC6003869D5 /* ConnectedView.swift in Sources */ = {isa = PBXBuildFile; fileRef = DF9310242B080FC6003869D5 /* ConnectedView.swift */; };
		DF9310262B080FC6003869D5 /* ConnectedView.swift in Sources */ = {isa = PBXBuildFile; fileRef = DF9310242B080FC6003869D5 /* ConnectedView.swift */; };
		DFCC0D4A2B0A6BA0004E8D74 /* SecKeyConvertable.swift in Sources */ = {isa = PBXBuildFile; fileRef = DFCC0D492B0A6BA0004E8D74 /* SecKeyConvertable.swift */; };
		DFCC0D4C2B0A6BEF004E8D74 /* SecKeyStore.swift in Sources */ = {isa = PBXBuildFile; fileRef = DFCC0D4B2B0A6BEF004E8D74 /* SecKeyStore.swift */; };
		DFCC0D4D2B0A6CB0004E8D74 /* SecKeyStore.swift in Sources */ = {isa = PBXBuildFile; fileRef = DFCC0D4B2B0A6BEF004E8D74 /* SecKeyStore.swift */; };
		DFCC0D4E2B0A6CBA004E8D74 /* SecKeyConvertable.swift in Sources */ = {isa = PBXBuildFile; fileRef = DFCC0D492B0A6BA0004E8D74 /* SecKeyConvertable.swift */; };
		DFCC0D502B0A6D1E004E8D74 /* KeyStoreError.swift in Sources */ = {isa = PBXBuildFile; fileRef = DFCC0D4F2B0A6D1E004E8D74 /* KeyStoreError.swift */; };
		DFCC0D512B0A6D1E004E8D74 /* KeyStoreError.swift in Sources */ = {isa = PBXBuildFile; fileRef = DFCC0D4F2B0A6D1E004E8D74 /* KeyStoreError.swift */; };
		DFCC0D532B0AEA82004E8D74 /* CryptoSwift in Frameworks */ = {isa = PBXBuildFile; productRef = DFCC0D522B0AEA82004E8D74 /* CryptoSwift */; };
		DFD10B862B03BE00007E8477 /* SwiftProtobuf in Frameworks */ = {isa = PBXBuildFile; productRef = DFD10B852B03BE00007E8477 /* SwiftProtobuf */; };
		DFD10B882B03BE0B007E8477 /* vcsec.pb.swift in Sources */ = {isa = PBXBuildFile; fileRef = DFD10B872B03BE0B007E8477 /* vcsec.pb.swift */; };
		DFD10B8B2B03FF83007E8477 /* BluetoothManager.swift in Sources */ = {isa = PBXBuildFile; fileRef = DFD10B8A2B03FF83007E8477 /* BluetoothManager.swift */; };
		DFD10B8D2B03FFA9007E8477 /* BluetoothManager-CMDelegate.swift in Sources */ = {isa = PBXBuildFile; fileRef = DFD10B8C2B03FFA9007E8477 /* BluetoothManager-CMDelegate.swift */; };
/* End PBXBuildFile section */

/* Begin PBXContainerItemProxy section */
		DF31F1382B02CC65006A47F4 /* PBXContainerItemProxy */ = {
			isa = PBXContainerItemProxy;
			containerPortal = DF31F12A2B02CC65006A47F4 /* Project object */;
			proxyType = 1;
			remoteGlobalIDString = DF31F1352B02CC65006A47F4;
			remoteInfo = "TesKey Watch App";
		};
/* End PBXContainerItemProxy section */

/* Begin PBXCopyFilesBuildPhase section */
		DF31F15F2B02CC67006A47F4 /* Embed Watch Content */ = {
			isa = PBXCopyFilesBuildPhase;
			buildActionMask = 2147483647;
			dstPath = "$(CONTENTS_FOLDER_PATH)/Watch";
			dstSubfolderSpec = 16;
			files = (
				DF31F1372B02CC65006A47F4 /* TesKey Watch App.app in Embed Watch Content */,
			);
			name = "Embed Watch Content";
			runOnlyForDeploymentPostprocessing = 0;
		};
/* End PBXCopyFilesBuildPhase section */

/* Begin PBXFileReference section */
		DF31F1302B02CC65006A47F4 /* TesKey.app */ = {isa = PBXFileReference; explicitFileType = wrapper.application; includeInIndex = 0; path = TesKey.app; sourceTree = BUILT_PRODUCTS_DIR; };
		DF31F1362B02CC65006A47F4 /* TesKey Watch App.app */ = {isa = PBXFileReference; explicitFileType = wrapper.application; includeInIndex = 0; path = "TesKey Watch App.app"; sourceTree = BUILT_PRODUCTS_DIR; };
		DF31F13B2B02CC65006A47F4 /* TesKeyApp.swift */ = {isa = PBXFileReference; lastKnownFileType = sourcecode.swift; path = TesKeyApp.swift; sourceTree = "<group>"; };
		DF31F13D2B02CC65006A47F4 /* GetStartedView.swift */ = {isa = PBXFileReference; lastKnownFileType = sourcecode.swift; path = GetStartedView.swift; sourceTree = "<group>"; };
		DF31F13F2B02CC67006A47F4 /* Assets.xcassets */ = {isa = PBXFileReference; lastKnownFileType = folder.assetcatalog; path = Assets.xcassets; sourceTree = "<group>"; };
		DF31F1422B02CC67006A47F4 /* Preview Assets.xcassets */ = {isa = PBXFileReference; lastKnownFileType = folder.assetcatalog; path = "Preview Assets.xcassets"; sourceTree = "<group>"; };
		DF3F9D742B09813200FB2A0E /* SessionManager.swift */ = {isa = PBXFileReference; fileEncoding = 4; lastKnownFileType = sourcecode.swift; path = SessionManager.swift; sourceTree = "<group>"; };
		DF930FCD2B058501003869D5 /* errors.pb.swift */ = {isa = PBXFileReference; fileEncoding = 4; lastKnownFileType = sourcecode.swift; path = errors.pb.swift; sourceTree = "<group>"; };
		DF930FCE2B058501003869D5 /* keys.pb.swift */ = {isa = PBXFileReference; fileEncoding = 4; lastKnownFileType = sourcecode.swift; path = keys.pb.swift; sourceTree = "<group>"; };
		DF930FCF2B058501003869D5 /* universal_message.pb.swift */ = {isa = PBXFileReference; fileEncoding = 4; lastKnownFileType = sourcecode.swift; path = universal_message.pb.swift; sourceTree = "<group>"; };
		DF930FD02B058501003869D5 /* vehicle.pb.swift */ = {isa = PBXFileReference; fileEncoding = 4; lastKnownFileType = sourcecode.swift; path = vehicle.pb.swift; sourceTree = "<group>"; };
		DF930FD12B058501003869D5 /* car_server.pb.swift */ = {isa = PBXFileReference; fileEncoding = 4; lastKnownFileType = sourcecode.swift; path = car_server.pb.swift; sourceTree = "<group>"; };
		DF930FD22B058501003869D5 /* signatures.pb.swift */ = {isa = PBXFileReference; fileEncoding = 4; lastKnownFileType = sourcecode.swift; path = signatures.pb.swift; sourceTree = "<group>"; };
		DF930FD32B058501003869D5 /* common.pb.swift */ = {isa = PBXFileReference; fileEncoding = 4; lastKnownFileType = sourcecode.swift; path = common.pb.swift; sourceTree = "<group>"; };
		DF930FDC2B058F7F003869D5 /* ContentView.swift */ = {isa = PBXFileReference; lastKnownFileType = sourcecode.swift; path = ContentView.swift; sourceTree = "<group>"; };
		DF930FDE2B059098003869D5 /* DiscoveryView.swift */ = {isa = PBXFileReference; lastKnownFileType = sourcecode.swift; path = DiscoveryView.swift; sourceTree = "<group>"; };
		DF930FE02B059E55003869D5 /* DisconnectedView.swift */ = {isa = PBXFileReference; lastKnownFileType = sourcecode.swift; path = DisconnectedView.swift; sourceTree = "<group>"; };
		DF930FE22B059E77003869D5 /* ConnectFailedView.swift */ = {isa = PBXFileReference; lastKnownFileType = sourcecode.swift; path = ConnectFailedView.swift; sourceTree = "<group>"; };
		DF930FE42B05A0DB003869D5 /* ConnectingView.swift */ = {isa = PBXFileReference; lastKnownFileType = sourcecode.swift; path = ConnectingView.swift; sourceTree = "<group>"; };
		DF930FE62B05A497003869D5 /* Vehicle.swift */ = {isa = PBXFileReference; lastKnownFileType = sourcecode.swift; path = Vehicle.swift; sourceTree = "<group>"; };
		DF930FE82B05C438003869D5 /* Signer.swift */ = {isa = PBXFileReference; lastKnownFileType = sourcecode.swift; path = Signer.swift; sourceTree = "<group>"; };
		DF930FEA2B05CA31003869D5 /* Metadata.swift */ = {isa = PBXFileReference; lastKnownFileType = sourcecode.swift; path = Metadata.swift; sourceTree = "<group>"; };
		DF930FEC2B05D9A1003869D5 /* Crypto.swift */ = {isa = PBXFileReference; lastKnownFileType = sourcecode.swift; path = Crypto.swift; sourceTree = "<group>"; };
		DF930FF12B065FAD003869D5 /* Model.xcdatamodel */ = {isa = PBXFileReference; lastKnownFileType = wrapper.xcdatamodel; path = Model.xcdatamodel; sourceTree = "<group>"; };
		DF930FF92B072606003869D5 /* TesKey-PhoneTest.app */ = {isa = PBXFileReference; explicitFileType = wrapper.application; includeInIndex = 0; path = "TesKey-PhoneTest.app"; sourceTree = BUILT_PRODUCTS_DIR; };
		DF930FFB2B072607003869D5 /* TesKey_PhoneTestApp.swift */ = {isa = PBXFileReference; lastKnownFileType = sourcecode.swift; path = TesKey_PhoneTestApp.swift; sourceTree = "<group>"; };
		DF930FFF2B072608003869D5 /* Assets.xcassets */ = {isa = PBXFileReference; lastKnownFileType = folder.assetcatalog; path = Assets.xcassets; sourceTree = "<group>"; };
		DF9310022B072608003869D5 /* Preview Assets.xcassets */ = {isa = PBXFileReference; lastKnownFileType = folder.assetcatalog; path = "Preview Assets.xcassets"; sourceTree = "<group>"; };
		DF9310212B0750BF003869D5 /* Dispatcher.swift */ = {isa = PBXFileReference; lastKnownFileType = sourcecode.swift; path = Dispatcher.swift; sourceTree = "<group>"; };
		DF9310242B080FC6003869D5 /* ConnectedView.swift */ = {isa = PBXFileReference; lastKnownFileType = sourcecode.swift; path = ConnectedView.swift; sourceTree = "<group>"; };
		DFCC0D492B0A6BA0004E8D74 /* SecKeyConvertable.swift */ = {isa = PBXFileReference; lastKnownFileType = sourcecode.swift; path = SecKeyConvertable.swift; sourceTree = "<group>"; };
		DFCC0D4B2B0A6BEF004E8D74 /* SecKeyStore.swift */ = {isa = PBXFileReference; lastKnownFileType = sourcecode.swift; path = SecKeyStore.swift; sourceTree = "<group>"; };
		DFCC0D4F2B0A6D1E004E8D74 /* KeyStoreError.swift */ = {isa = PBXFileReference; lastKnownFileType = sourcecode.swift; path = KeyStoreError.swift; sourceTree = "<group>"; };
		DFD10B872B03BE0B007E8477 /* vcsec.pb.swift */ = {isa = PBXFileReference; fileEncoding = 4; lastKnownFileType = sourcecode.swift; path = vcsec.pb.swift; sourceTree = "<group>"; };
		DFD10B8A2B03FF83007E8477 /* BluetoothManager.swift */ = {isa = PBXFileReference; lastKnownFileType = sourcecode.swift; path = BluetoothManager.swift; sourceTree = "<group>"; };
		DFD10B8C2B03FFA9007E8477 /* BluetoothManager-CMDelegate.swift */ = {isa = PBXFileReference; lastKnownFileType = sourcecode.swift; path = "BluetoothManager-CMDelegate.swift"; sourceTree = "<group>"; };
/* End PBXFileReference section */

/* Begin PBXFrameworksBuildPhase section */
		DF31F1332B02CC65006A47F4 /* Frameworks */ = {
			isa = PBXFrameworksBuildPhase;
			buildActionMask = 2147483647;
			files = (
				DFD10B862B03BE00007E8477 /* SwiftProtobuf in Frameworks */,
				DFCC0D532B0AEA82004E8D74 /* CryptoSwift in Frameworks */,
			);
			runOnlyForDeploymentPostprocessing = 0;
		};
		DF930FF62B072606003869D5 /* Frameworks */ = {
			isa = PBXFrameworksBuildPhase;
			buildActionMask = 2147483647;
			files = (
				DF9310202B072678003869D5 /* SwiftProtobuf in Frameworks */,
				DF3F9D732B095C7000FB2A0E /* CryptoSwift in Frameworks */,
			);
			runOnlyForDeploymentPostprocessing = 0;
		};
/* End PBXFrameworksBuildPhase section */

/* Begin PBXGroup section */
		DF31F1292B02CC65006A47F4 = {
			isa = PBXGroup;
			children = (
				DF9310072B072622003869D5 /* Shared */,
				DF31F13A2B02CC65006A47F4 /* TesKey Watch App */,
				DF930FFA2B072607003869D5 /* TesKey-PhoneTest */,
				DF31F1312B02CC65006A47F4 /* Products */,
				DF93101E2B072678003869D5 /* Frameworks */,
			);
			sourceTree = "<group>";
		};
		DF31F1312B02CC65006A47F4 /* Products */ = {
			isa = PBXGroup;
			children = (
				DF31F1302B02CC65006A47F4 /* TesKey.app */,
				DF31F1362B02CC65006A47F4 /* TesKey Watch App.app */,
				DF930FF92B072606003869D5 /* TesKey-PhoneTest.app */,
			);
			name = Products;
			sourceTree = "<group>";
		};
		DF31F13A2B02CC65006A47F4 /* TesKey Watch App */ = {
			isa = PBXGroup;
			children = (
				DF31F13B2B02CC65006A47F4 /* TesKeyApp.swift */,
				DF31F13F2B02CC67006A47F4 /* Assets.xcassets */,
				DF31F1412B02CC67006A47F4 /* Preview Content */,
			);
			path = "TesKey Watch App";
			sourceTree = "<group>";
		};
		DF31F1412B02CC67006A47F4 /* Preview Content */ = {
			isa = PBXGroup;
			children = (
				DF31F1422B02CC67006A47F4 /* Preview Assets.xcassets */,
			);
			path = "Preview Content";
			sourceTree = "<group>";
		};
		DF930FDB2B05850A003869D5 /* Protobufs */ = {
			isa = PBXGroup;
			children = (
				DF930FD12B058501003869D5 /* car_server.pb.swift */,
				DF930FD32B058501003869D5 /* common.pb.swift */,
				DF930FCD2B058501003869D5 /* errors.pb.swift */,
				DF930FCE2B058501003869D5 /* keys.pb.swift */,
				DF930FD22B058501003869D5 /* signatures.pb.swift */,
				DF930FCF2B058501003869D5 /* universal_message.pb.swift */,
				DF930FD02B058501003869D5 /* vehicle.pb.swift */,
				DFD10B872B03BE0B007E8477 /* vcsec.pb.swift */,
			);
			path = Protobufs;
			sourceTree = "<group>";
		};
		DF930FFA2B072607003869D5 /* TesKey-PhoneTest */ = {
			isa = PBXGroup;
			children = (
				DF930FFB2B072607003869D5 /* TesKey_PhoneTestApp.swift */,
				DF930FFF2B072608003869D5 /* Assets.xcassets */,
				DF9310012B072608003869D5 /* Preview Content */,
			);
			path = "TesKey-PhoneTest";
			sourceTree = "<group>";
		};
		DF9310012B072608003869D5 /* Preview Content */ = {
			isa = PBXGroup;
			children = (
				DF9310022B072608003869D5 /* Preview Assets.xcassets */,
			);
			path = "Preview Content";
			sourceTree = "<group>";
		};
		DF9310072B072622003869D5 /* Shared */ = {
			isa = PBXGroup;
			children = (
				DFCC0D482B0A6B92004E8D74 /* Extensions */,
				DFD10B892B03FF72007E8477 /* StateManagers */,
				DF930FDB2B05850A003869D5 /* Protobufs */,
				DF930FF02B065FAD003869D5 /* Model.xcdatamodeld */,
				DF31F13D2B02CC65006A47F4 /* GetStartedView.swift */,
				DF930FDC2B058F7F003869D5 /* ContentView.swift */,
				DF930FE42B05A0DB003869D5 /* ConnectingView.swift */,
				DF930FE22B059E77003869D5 /* ConnectFailedView.swift */,
				DF930FE02B059E55003869D5 /* DisconnectedView.swift */,
				DF930FDE2B059098003869D5 /* DiscoveryView.swift */,
				DF9310242B080FC6003869D5 /* ConnectedView.swift */,
			);
			path = Shared;
			sourceTree = "<group>";
		};
		DF93101E2B072678003869D5 /* Frameworks */ = {
			isa = PBXGroup;
			children = (
			);
			name = Frameworks;
			sourceTree = "<group>";
		};
		DFCC0D482B0A6B92004E8D74 /* Extensions */ = {
			isa = PBXGroup;
			children = (
				DFCC0D492B0A6BA0004E8D74 /* SecKeyConvertable.swift */,
				DFCC0D4B2B0A6BEF004E8D74 /* SecKeyStore.swift */,
				DFCC0D4F2B0A6D1E004E8D74 /* KeyStoreError.swift */,
			);
			path = Extensions;
			sourceTree = "<group>";
		};
		DFD10B892B03FF72007E8477 /* StateManagers */ = {
			isa = PBXGroup;
			children = (
				DFD10B8A2B03FF83007E8477 /* BluetoothManager.swift */,
				DFD10B8C2B03FFA9007E8477 /* BluetoothManager-CMDelegate.swift */,
				DF930FEC2B05D9A1003869D5 /* Crypto.swift */,
				DF9310212B0750BF003869D5 /* Dispatcher.swift */,
				DF3F9D742B09813200FB2A0E /* SessionManager.swift */,
				DF930FE82B05C438003869D5 /* Signer.swift */,
				DF930FEA2B05CA31003869D5 /* Metadata.swift */,
				DF930FE62B05A497003869D5 /* Vehicle.swift */,
			);
			path = StateManagers;
			sourceTree = "<group>";
		};
/* End PBXGroup section */

/* Begin PBXNativeTarget section */
		DF31F12F2B02CC65006A47F4 /* TesKey */ = {
			isa = PBXNativeTarget;
			buildConfigurationList = DF31F1602B02CC67006A47F4 /* Build configuration list for PBXNativeTarget "TesKey" */;
			buildPhases = (
				DF31F12E2B02CC65006A47F4 /* Resources */,
				DF31F15F2B02CC67006A47F4 /* Embed Watch Content */,
			);
			buildRules = (
			);
			dependencies = (
				DF31F1392B02CC65006A47F4 /* PBXTargetDependency */,
			);
			name = TesKey;
			productName = TesKey;
			productReference = DF31F1302B02CC65006A47F4 /* TesKey.app */;
			productType = "com.apple.product-type.application.watchapp2-container";
		};
		DF31F1352B02CC65006A47F4 /* TesKey Watch App */ = {
			isa = PBXNativeTarget;
			buildConfigurationList = DF31F15C2B02CC67006A47F4 /* Build configuration list for PBXNativeTarget "TesKey Watch App" */;
			buildPhases = (
				DF31F1322B02CC65006A47F4 /* Sources */,
				DF31F1332B02CC65006A47F4 /* Frameworks */,
				DF31F1342B02CC65006A47F4 /* Resources */,
			);
			buildRules = (
			);
			dependencies = (
			);
			name = "TesKey Watch App";
			packageProductDependencies = (
				DFD10B852B03BE00007E8477 /* SwiftProtobuf */,
				DFCC0D522B0AEA82004E8D74 /* CryptoSwift */,
			);
			productName = "TesKey Watch App";
			productReference = DF31F1362B02CC65006A47F4 /* TesKey Watch App.app */;
			productType = "com.apple.product-type.application";
		};
		DF930FF82B072606003869D5 /* TesKey-PhoneTest */ = {
			isa = PBXNativeTarget;
			buildConfigurationList = DF9310042B072608003869D5 /* Build configuration list for PBXNativeTarget "TesKey-PhoneTest" */;
			buildPhases = (
				DF930FF52B072606003869D5 /* Sources */,
				DF930FF62B072606003869D5 /* Frameworks */,
				DF930FF72B072606003869D5 /* Resources */,
			);
			buildRules = (
			);
			dependencies = (
			);
			name = "TesKey-PhoneTest";
			packageProductDependencies = (
				DF93101F2B072678003869D5 /* SwiftProtobuf */,
				DF3F9D722B095C7000FB2A0E /* CryptoSwift */,
			);
			productName = "TesKey-PhoneTest";
			productReference = DF930FF92B072606003869D5 /* TesKey-PhoneTest.app */;
			productType = "com.apple.product-type.application";
		};
/* End PBXNativeTarget section */

/* Begin PBXProject section */
		DF31F12A2B02CC65006A47F4 /* Project object */ = {
			isa = PBXProject;
			attributes = {
				BuildIndependentTargetsInParallel = 1;
				LastSwiftUpdateCheck = 1500;
				LastUpgradeCheck = 1500;
				TargetAttributes = {
					DF31F12F2B02CC65006A47F4 = {
						CreatedOnToolsVersion = 15.0.1;
					};
					DF31F1352B02CC65006A47F4 = {
						CreatedOnToolsVersion = 15.0.1;
					};
					DF930FF82B072606003869D5 = {
						CreatedOnToolsVersion = 15.0.1;
					};
				};
			};
			buildConfigurationList = DF31F12D2B02CC65006A47F4 /* Build configuration list for PBXProject "TesKey" */;
			compatibilityVersion = "Xcode 14.0";
			developmentRegion = en;
			hasScannedForEncodings = 0;
			knownRegions = (
				en,
				Base,
			);
			mainGroup = DF31F1292B02CC65006A47F4;
			packageReferences = (
				DFD10B842B03BE00007E8477 /* XCRemoteSwiftPackageReference "swift-protobuf" */,
				DF3F9D712B095C7000FB2A0E /* XCRemoteSwiftPackageReference "CryptoSwift" */,
			);
			productRefGroup = DF31F1312B02CC65006A47F4 /* Products */;
			projectDirPath = "";
			projectRoot = "";
			targets = (
				DF31F12F2B02CC65006A47F4 /* TesKey */,
				DF31F1352B02CC65006A47F4 /* TesKey Watch App */,
				DF930FF82B072606003869D5 /* TesKey-PhoneTest */,
			);
		};
/* End PBXProject section */

/* Begin PBXResourcesBuildPhase section */
		DF31F12E2B02CC65006A47F4 /* Resources */ = {
			isa = PBXResourcesBuildPhase;
			buildActionMask = 2147483647;
			files = (
			);
			runOnlyForDeploymentPostprocessing = 0;
		};
		DF31F1342B02CC65006A47F4 /* Resources */ = {
			isa = PBXResourcesBuildPhase;
			buildActionMask = 2147483647;
			files = (
				DF31F1432B02CC67006A47F4 /* Preview Assets.xcassets in Resources */,
				DF31F1402B02CC67006A47F4 /* Assets.xcassets in Resources */,
			);
			runOnlyForDeploymentPostprocessing = 0;
		};
		DF930FF72B072606003869D5 /* Resources */ = {
			isa = PBXResourcesBuildPhase;
			buildActionMask = 2147483647;
			files = (
				DF9310032B072608003869D5 /* Preview Assets.xcassets in Resources */,
				DF9310002B072608003869D5 /* Assets.xcassets in Resources */,
			);
			runOnlyForDeploymentPostprocessing = 0;
		};
/* End PBXResourcesBuildPhase section */

/* Begin PBXSourcesBuildPhase section */
		DF31F1322B02CC65006A47F4 /* Sources */ = {
			isa = PBXSourcesBuildPhase;
			buildActionMask = 2147483647;
			files = (
				DF930FD72B058501003869D5 /* vehicle.pb.swift in Sources */,
				DF930FF22B065FAD003869D5 /* Model.xcdatamodeld in Sources */,
				DF9310222B0750BF003869D5 /* Dispatcher.swift in Sources */,
				DF3F9D752B09813200FB2A0E /* SessionManager.swift in Sources */,
				DFD10B882B03BE0B007E8477 /* vcsec.pb.swift in Sources */,
				DFCC0D4A2B0A6BA0004E8D74 /* SecKeyConvertable.swift in Sources */,
				DF930FEB2B05CA31003869D5 /* Metadata.swift in Sources */,
				DF930FD52B058501003869D5 /* keys.pb.swift in Sources */,
				DF930FD62B058501003869D5 /* universal_message.pb.swift in Sources */,
				DF31F13E2B02CC65006A47F4 /* GetStartedView.swift in Sources */,
				DF930FE92B05C438003869D5 /* Signer.swift in Sources */,
				DFD10B8D2B03FFA9007E8477 /* BluetoothManager-CMDelegate.swift in Sources */,
				DF930FE52B05A0DB003869D5 /* ConnectingView.swift in Sources */,
				DF930FD92B058501003869D5 /* signatures.pb.swift in Sources */,
				DF9310252B080FC6003869D5 /* ConnectedView.swift in Sources */,
				DF930FD42B058501003869D5 /* errors.pb.swift in Sources */,
				DFD10B8B2B03FF83007E8477 /* BluetoothManager.swift in Sources */,
				DF930FED2B05D9A1003869D5 /* Crypto.swift in Sources */,
				DF930FE12B059E55003869D5 /* DisconnectedView.swift in Sources */,
				DFCC0D4C2B0A6BEF004E8D74 /* SecKeyStore.swift in Sources */,
				DF930FE72B05A497003869D5 /* Vehicle.swift in Sources */,
				DF930FDF2B059098003869D5 /* DiscoveryView.swift in Sources */,
				DF930FD82B058501003869D5 /* car_server.pb.swift in Sources */,
				DF930FE32B059E77003869D5 /* ConnectFailedView.swift in Sources */,
				DF930FDD2B058F7F003869D5 /* ContentView.swift in Sources */,
				DF31F13C2B02CC65006A47F4 /* TesKeyApp.swift in Sources */,
				DFCC0D502B0A6D1E004E8D74 /* KeyStoreError.swift in Sources */,
				DF930FDA2B058501003869D5 /* common.pb.swift in Sources */,
			);
			runOnlyForDeploymentPostprocessing = 0;
		};
		DF930FF52B072606003869D5 /* Sources */ = {
			isa = PBXSourcesBuildPhase;
			buildActionMask = 2147483647;
			files = (
				DF930FFC2B072607003869D5 /* TesKey_PhoneTestApp.swift in Sources */,
				DF93100A2B072640003869D5 /* Vehicle.swift in Sources */,
				DF9310232B0750BF003869D5 /* Dispatcher.swift in Sources */,
				DFCC0D4E2B0A6CBA004E8D74 /* SecKeyConvertable.swift in Sources */,
				DF3F9D762B09813200FB2A0E /* SessionManager.swift in Sources */,
				DF93101C2B072648003869D5 /* GetStartedView.swift in Sources */,
				DF9310172B072644003869D5 /* common.pb.swift in Sources */,
				DF9310122B072644003869D5 /* signatures.pb.swift in Sources */,
				DF9310092B072640003869D5 /* Metadata.swift in Sources */,
				DF93100C2B072640003869D5 /* Signer.swift in Sources */,
				DF9310182B072648003869D5 /* DiscoveryView.swift in Sources */,
				DF9310192B072648003869D5 /* ContentView.swift in Sources */,
				DF9310152B072644003869D5 /* vcsec.pb.swift in Sources */,
				DF9310262B080FC6003869D5 /* ConnectedView.swift in Sources */,
				DF9310162B072644003869D5 /* errors.pb.swift in Sources */,
				DF9310082B07262E003869D5 /* Model.xcdatamodeld in Sources */,
				DF93101A2B072648003869D5 /* ConnectFailedView.swift in Sources */,
				DF93101D2B072648003869D5 /* ConnectingView.swift in Sources */,
				DFCC0D4D2B0A6CB0004E8D74 /* SecKeyStore.swift in Sources */,
				DF9310132B072644003869D5 /* vehicle.pb.swift in Sources */,
				DF9310142B072644003869D5 /* keys.pb.swift in Sources */,
				DF93100D2B072640003869D5 /* Crypto.swift in Sources */,
				DF93100B2B072640003869D5 /* BluetoothManager.swift in Sources */,
				DF9310102B072644003869D5 /* universal_message.pb.swift in Sources */,
				DF93101B2B072648003869D5 /* DisconnectedView.swift in Sources */,
				DF93100E2B072640003869D5 /* BluetoothManager-CMDelegate.swift in Sources */,
				DFCC0D512B0A6D1E004E8D74 /* KeyStoreError.swift in Sources */,
				DF9310112B072644003869D5 /* car_server.pb.swift in Sources */,
			);
			runOnlyForDeploymentPostprocessing = 0;
		};
/* End PBXSourcesBuildPhase section */

/* Begin PBXTargetDependency section */
		DF31F1392B02CC65006A47F4 /* PBXTargetDependency */ = {
			isa = PBXTargetDependency;
			target = DF31F1352B02CC65006A47F4 /* TesKey Watch App */;
			targetProxy = DF31F1382B02CC65006A47F4 /* PBXContainerItemProxy */;
		};
/* End PBXTargetDependency section */

/* Begin XCBuildConfiguration section */
		DF31F15A2B02CC67006A47F4 /* Debug */ = {
			isa = XCBuildConfiguration;
			buildSettings = {
				ALWAYS_SEARCH_USER_PATHS = NO;
				ASSETCATALOG_COMPILER_GENERATE_SWIFT_ASSET_SYMBOL_EXTENSIONS = YES;
				CLANG_ANALYZER_NONNULL = YES;
				CLANG_ANALYZER_NUMBER_OBJECT_CONVERSION = YES_AGGRESSIVE;
				CLANG_CXX_LANGUAGE_STANDARD = "gnu++20";
				CLANG_ENABLE_MODULES = YES;
				CLANG_ENABLE_OBJC_ARC = YES;
				CLANG_ENABLE_OBJC_WEAK = YES;
				CLANG_WARN_BLOCK_CAPTURE_AUTORELEASING = YES;
				CLANG_WARN_BOOL_CONVERSION = YES;
				CLANG_WARN_COMMA = YES;
				CLANG_WARN_CONSTANT_CONVERSION = YES;
				CLANG_WARN_DEPRECATED_OBJC_IMPLEMENTATIONS = YES;
				CLANG_WARN_DIRECT_OBJC_ISA_USAGE = YES_ERROR;
				CLANG_WARN_DOCUMENTATION_COMMENTS = YES;
				CLANG_WARN_EMPTY_BODY = YES;
				CLANG_WARN_ENUM_CONVERSION = YES;
				CLANG_WARN_INFINITE_RECURSION = YES;
				CLANG_WARN_INT_CONVERSION = YES;
				CLANG_WARN_NON_LITERAL_NULL_CONVERSION = YES;
				CLANG_WARN_OBJC_IMPLICIT_RETAIN_SELF = YES;
				CLANG_WARN_OBJC_LITERAL_CONVERSION = YES;
				CLANG_WARN_OBJC_ROOT_CLASS = YES_ERROR;
				CLANG_WARN_QUOTED_INCLUDE_IN_FRAMEWORK_HEADER = YES;
				CLANG_WARN_RANGE_LOOP_ANALYSIS = YES;
				CLANG_WARN_STRICT_PROTOTYPES = YES;
				CLANG_WARN_SUSPICIOUS_MOVE = YES;
				CLANG_WARN_UNGUARDED_AVAILABILITY = YES_AGGRESSIVE;
				CLANG_WARN_UNREACHABLE_CODE = YES;
				CLANG_WARN__DUPLICATE_METHOD_MATCH = YES;
				COPY_PHASE_STRIP = NO;
				DEBUG_INFORMATION_FORMAT = dwarf;
				ENABLE_STRICT_OBJC_MSGSEND = YES;
				ENABLE_TESTABILITY = YES;
				ENABLE_USER_SCRIPT_SANDBOXING = YES;
				GCC_C_LANGUAGE_STANDARD = gnu17;
				GCC_DYNAMIC_NO_PIC = NO;
				GCC_NO_COMMON_BLOCKS = YES;
				GCC_OPTIMIZATION_LEVEL = 0;
				GCC_PREPROCESSOR_DEFINITIONS = (
					"DEBUG=1",
					"$(inherited)",
				);
				GCC_WARN_64_TO_32_BIT_CONVERSION = YES;
				GCC_WARN_ABOUT_RETURN_TYPE = YES_ERROR;
				GCC_WARN_UNDECLARED_SELECTOR = YES;
				GCC_WARN_UNINITIALIZED_AUTOS = YES_AGGRESSIVE;
				GCC_WARN_UNUSED_FUNCTION = YES;
				GCC_WARN_UNUSED_VARIABLE = YES;
				LOCALIZATION_PREFERS_STRING_CATALOGS = YES;
				MTL_ENABLE_DEBUG_INFO = INCLUDE_SOURCE;
				MTL_FAST_MATH = YES;
				ONLY_ACTIVE_ARCH = YES;
				SWIFT_ACTIVE_COMPILATION_CONDITIONS = "DEBUG $(inherited)";
				SWIFT_OPTIMIZATION_LEVEL = "-Onone";
			};
			name = Debug;
		};
		DF31F15B2B02CC67006A47F4 /* Release */ = {
			isa = XCBuildConfiguration;
			buildSettings = {
				ALWAYS_SEARCH_USER_PATHS = NO;
				ASSETCATALOG_COMPILER_GENERATE_SWIFT_ASSET_SYMBOL_EXTENSIONS = YES;
				CLANG_ANALYZER_NONNULL = YES;
				CLANG_ANALYZER_NUMBER_OBJECT_CONVERSION = YES_AGGRESSIVE;
				CLANG_CXX_LANGUAGE_STANDARD = "gnu++20";
				CLANG_ENABLE_MODULES = YES;
				CLANG_ENABLE_OBJC_ARC = YES;
				CLANG_ENABLE_OBJC_WEAK = YES;
				CLANG_WARN_BLOCK_CAPTURE_AUTORELEASING = YES;
				CLANG_WARN_BOOL_CONVERSION = YES;
				CLANG_WARN_COMMA = YES;
				CLANG_WARN_CONSTANT_CONVERSION = YES;
				CLANG_WARN_DEPRECATED_OBJC_IMPLEMENTATIONS = YES;
				CLANG_WARN_DIRECT_OBJC_ISA_USAGE = YES_ERROR;
				CLANG_WARN_DOCUMENTATION_COMMENTS = YES;
				CLANG_WARN_EMPTY_BODY = YES;
				CLANG_WARN_ENUM_CONVERSION = YES;
				CLANG_WARN_INFINITE_RECURSION = YES;
				CLANG_WARN_INT_CONVERSION = YES;
				CLANG_WARN_NON_LITERAL_NULL_CONVERSION = YES;
				CLANG_WARN_OBJC_IMPLICIT_RETAIN_SELF = YES;
				CLANG_WARN_OBJC_LITERAL_CONVERSION = YES;
				CLANG_WARN_OBJC_ROOT_CLASS = YES_ERROR;
				CLANG_WARN_QUOTED_INCLUDE_IN_FRAMEWORK_HEADER = YES;
				CLANG_WARN_RANGE_LOOP_ANALYSIS = YES;
				CLANG_WARN_STRICT_PROTOTYPES = YES;
				CLANG_WARN_SUSPICIOUS_MOVE = YES;
				CLANG_WARN_UNGUARDED_AVAILABILITY = YES_AGGRESSIVE;
				CLANG_WARN_UNREACHABLE_CODE = YES;
				CLANG_WARN__DUPLICATE_METHOD_MATCH = YES;
				COPY_PHASE_STRIP = NO;
				DEBUG_INFORMATION_FORMAT = "dwarf-with-dsym";
				ENABLE_NS_ASSERTIONS = NO;
				ENABLE_STRICT_OBJC_MSGSEND = YES;
				ENABLE_USER_SCRIPT_SANDBOXING = YES;
				GCC_C_LANGUAGE_STANDARD = gnu17;
				GCC_NO_COMMON_BLOCKS = YES;
				GCC_WARN_64_TO_32_BIT_CONVERSION = YES;
				GCC_WARN_ABOUT_RETURN_TYPE = YES_ERROR;
				GCC_WARN_UNDECLARED_SELECTOR = YES;
				GCC_WARN_UNINITIALIZED_AUTOS = YES_AGGRESSIVE;
				GCC_WARN_UNUSED_FUNCTION = YES;
				GCC_WARN_UNUSED_VARIABLE = YES;
				LOCALIZATION_PREFERS_STRING_CATALOGS = YES;
				MTL_ENABLE_DEBUG_INFO = NO;
				MTL_FAST_MATH = YES;
				SWIFT_COMPILATION_MODE = wholemodule;
			};
			name = Release;
		};
		DF31F15D2B02CC67006A47F4 /* Debug */ = {
			isa = XCBuildConfiguration;
			buildSettings = {
				ASSETCATALOG_COMPILER_APPICON_NAME = AppIcon;
				ASSETCATALOG_COMPILER_GLOBAL_ACCENT_COLOR_NAME = AccentColor;
				CODE_SIGN_STYLE = Automatic;
				CURRENT_PROJECT_VERSION = 1;
				DEVELOPMENT_ASSET_PATHS = "\"TesKey Watch App/Preview Content\"";
				DEVELOPMENT_TEAM = 9R8RREG67J;
				ENABLE_PREVIEWS = YES;
				GENERATE_INFOPLIST_FILE = YES;
				INFOPLIST_KEY_CFBundleDisplayName = TesKey;
				INFOPLIST_KEY_NSBluetoothAlwaysUsageDescription = "Our app uses bluetooth to find, connect and transfer data between different devices";
				INFOPLIST_KEY_UISupportedInterfaceOrientations = "UIInterfaceOrientationPortrait UIInterfaceOrientationPortraitUpsideDown";
				INFOPLIST_KEY_WKWatchOnly = YES;
				LD_RUNPATH_SEARCH_PATHS = (
					"$(inherited)",
					"@executable_path/Frameworks",
				);
				MARKETING_VERSION = 1.0;
				PRODUCT_BUNDLE_IDENTIFIER = me.vigue.TesKey.watchkitapp;
				PRODUCT_NAME = "$(TARGET_NAME)";
				SDKROOT = watchos;
				SKIP_INSTALL = YES;
				SWIFT_EMIT_LOC_STRINGS = YES;
				SWIFT_VERSION = 5.0;
				TARGETED_DEVICE_FAMILY = 4;
				WATCHOS_DEPLOYMENT_TARGET = 9.0;
			};
			name = Debug;
		};
		DF31F15E2B02CC67006A47F4 /* Release */ = {
			isa = XCBuildConfiguration;
			buildSettings = {
				ASSETCATALOG_COMPILER_APPICON_NAME = AppIcon;
				ASSETCATALOG_COMPILER_GLOBAL_ACCENT_COLOR_NAME = AccentColor;
				CODE_SIGN_STYLE = Automatic;
				CURRENT_PROJECT_VERSION = 1;
				DEVELOPMENT_ASSET_PATHS = "\"TesKey Watch App/Preview Content\"";
				DEVELOPMENT_TEAM = 9R8RREG67J;
				ENABLE_PREVIEWS = YES;
				GENERATE_INFOPLIST_FILE = YES;
				INFOPLIST_KEY_CFBundleDisplayName = TesKey;
				INFOPLIST_KEY_NSBluetoothAlwaysUsageDescription = "Our app uses bluetooth to find, connect and transfer data between different devices";
				INFOPLIST_KEY_UISupportedInterfaceOrientations = "UIInterfaceOrientationPortrait UIInterfaceOrientationPortraitUpsideDown";
				INFOPLIST_KEY_WKWatchOnly = YES;
				LD_RUNPATH_SEARCH_PATHS = (
					"$(inherited)",
					"@executable_path/Frameworks",
				);
				MARKETING_VERSION = 1.0;
				PRODUCT_BUNDLE_IDENTIFIER = me.vigue.TesKey.watchkitapp;
				PRODUCT_NAME = "$(TARGET_NAME)";
				SDKROOT = watchos;
				SKIP_INSTALL = YES;
				SWIFT_EMIT_LOC_STRINGS = YES;
				SWIFT_VERSION = 5.0;
				TARGETED_DEVICE_FAMILY = 4;
				VALIDATE_PRODUCT = YES;
				WATCHOS_DEPLOYMENT_TARGET = 9.0;
			};
			name = Release;
		};
		DF31F1612B02CC67006A47F4 /* Debug */ = {
			isa = XCBuildConfiguration;
			buildSettings = {
				ALWAYS_EMBED_SWIFT_STANDARD_LIBRARIES = YES;
				CODE_SIGN_STYLE = Automatic;
				CURRENT_PROJECT_VERSION = 1;
				DEVELOPMENT_TEAM = 9R8RREG67J;
				INFOPLIST_KEY_CFBundleDisplayName = TesKey;
				IPHONEOS_DEPLOYMENT_TARGET = 15.0;
				MARKETING_VERSION = 1.0;
				PRODUCT_BUNDLE_IDENTIFIER = me.vigue.TesKey;
				PRODUCT_NAME = "$(TARGET_NAME)";
				SDKROOT = iphoneos;
				SWIFT_VERSION = 5.0;
			};
			name = Debug;
		};
		DF31F1622B02CC67006A47F4 /* Release */ = {
			isa = XCBuildConfiguration;
			buildSettings = {
				ALWAYS_EMBED_SWIFT_STANDARD_LIBRARIES = YES;
				CODE_SIGN_STYLE = Automatic;
				CURRENT_PROJECT_VERSION = 1;
				DEVELOPMENT_TEAM = 9R8RREG67J;
				INFOPLIST_KEY_CFBundleDisplayName = TesKey;
				IPHONEOS_DEPLOYMENT_TARGET = 15.0;
				MARKETING_VERSION = 1.0;
				PRODUCT_BUNDLE_IDENTIFIER = me.vigue.TesKey;
				PRODUCT_NAME = "$(TARGET_NAME)";
				SDKROOT = iphoneos;
				SWIFT_VERSION = 5.0;
				VALIDATE_PRODUCT = YES;
			};
			name = Release;
		};
		DF9310052B072608003869D5 /* Debug */ = {
			isa = XCBuildConfiguration;
			buildSettings = {
				ASSETCATALOG_COMPILER_APPICON_NAME = AppIcon;
				ASSETCATALOG_COMPILER_GLOBAL_ACCENT_COLOR_NAME = AccentColor;
				CODE_SIGN_STYLE = Automatic;
				CURRENT_PROJECT_VERSION = 1;
				DEVELOPMENT_ASSET_PATHS = "\"TesKey-PhoneTest/Preview Content\"";
				DEVELOPMENT_TEAM = 9R8RREG67J;
				ENABLE_PREVIEWS = YES;
				GENERATE_INFOPLIST_FILE = YES;
				INFOPLIST_KEY_NSBluetoothAlwaysUsageDescription = "Our app uses bluetooth to find, connect and transfer data between different devices";
				INFOPLIST_KEY_UIApplicationSceneManifest_Generation = YES;
				INFOPLIST_KEY_UIApplicationSupportsIndirectInputEvents = YES;
				INFOPLIST_KEY_UILaunchScreen_Generation = YES;
				INFOPLIST_KEY_UISupportedInterfaceOrientations_iPad = "UIInterfaceOrientationPortrait UIInterfaceOrientationPortraitUpsideDown UIInterfaceOrientationLandscapeLeft UIInterfaceOrientationLandscapeRight";
				INFOPLIST_KEY_UISupportedInterfaceOrientations_iPhone = "UIInterfaceOrientationPortrait UIInterfaceOrientationLandscapeLeft UIInterfaceOrientationLandscapeRight";
				IPHONEOS_DEPLOYMENT_TARGET = 17.0;
				LD_RUNPATH_SEARCH_PATHS = (
					"$(inherited)",
					"@executable_path/Frameworks",
				);
				MARKETING_VERSION = 1.0;
				PRODUCT_BUNDLE_IDENTIFIER = "me.vigue.TesKey-PhoneTest";
				PRODUCT_NAME = "$(TARGET_NAME)";
				SDKROOT = iphoneos;
				SWIFT_EMIT_LOC_STRINGS = YES;
				SWIFT_VERSION = 5.0;
				TARGETED_DEVICE_FAMILY = "1,2";
			};
			name = Debug;
		};
		DF9310062B072608003869D5 /* Release */ = {
			isa = XCBuildConfiguration;
			buildSettings = {
				ASSETCATALOG_COMPILER_APPICON_NAME = AppIcon;
				ASSETCATALOG_COMPILER_GLOBAL_ACCENT_COLOR_NAME = AccentColor;
				CODE_SIGN_STYLE = Automatic;
				CURRENT_PROJECT_VERSION = 1;
				DEVELOPMENT_ASSET_PATHS = "\"TesKey-PhoneTest/Preview Content\"";
				DEVELOPMENT_TEAM = 9R8RREG67J;
				ENABLE_PREVIEWS = YES;
				GENERATE_INFOPLIST_FILE = YES;
				INFOPLIST_KEY_NSBluetoothAlwaysUsageDescription = "Our app uses bluetooth to find, connect and transfer data between different devices";
				INFOPLIST_KEY_UIApplicationSceneManifest_Generation = YES;
				INFOPLIST_KEY_UIApplicationSupportsIndirectInputEvents = YES;
				INFOPLIST_KEY_UILaunchScreen_Generation = YES;
				INFOPLIST_KEY_UISupportedInterfaceOrientations_iPad = "UIInterfaceOrientationPortrait UIInterfaceOrientationPortraitUpsideDown UIInterfaceOrientationLandscapeLeft UIInterfaceOrientationLandscapeRight";
				INFOPLIST_KEY_UISupportedInterfaceOrientations_iPhone = "UIInterfaceOrientationPortrait UIInterfaceOrientationLandscapeLeft UIInterfaceOrientationLandscapeRight";
				IPHONEOS_DEPLOYMENT_TARGET = 17.0;
				LD_RUNPATH_SEARCH_PATHS = (
					"$(inherited)",
					"@executable_path/Frameworks",
				);
				MARKETING_VERSION = 1.0;
				PRODUCT_BUNDLE_IDENTIFIER = "me.vigue.TesKey-PhoneTest";
				PRODUCT_NAME = "$(TARGET_NAME)";
				SDKROOT = iphoneos;
				SWIFT_EMIT_LOC_STRINGS = YES;
				SWIFT_VERSION = 5.0;
				TARGETED_DEVICE_FAMILY = "1,2";
				VALIDATE_PRODUCT = YES;
			};
			name = Release;
		};
/* End XCBuildConfiguration section */

/* Begin XCConfigurationList section */
		DF31F12D2B02CC65006A47F4 /* Build configuration list for PBXProject "TesKey" */ = {
			isa = XCConfigurationList;
			buildConfigurations = (
				DF31F15A2B02CC67006A47F4 /* Debug */,
				DF31F15B2B02CC67006A47F4 /* Release */,
			);
			defaultConfigurationIsVisible = 0;
			defaultConfigurationName = Release;
		};
		DF31F15C2B02CC67006A47F4 /* Build configuration list for PBXNativeTarget "TesKey Watch App" */ = {
			isa = XCConfigurationList;
			buildConfigurations = (
				DF31F15D2B02CC67006A47F4 /* Debug */,
				DF31F15E2B02CC67006A47F4 /* Release */,
			);
			defaultConfigurationIsVisible = 0;
			defaultConfigurationName = Release;
		};
		DF31F1602B02CC67006A47F4 /* Build configuration list for PBXNativeTarget "TesKey" */ = {
			isa = XCConfigurationList;
			buildConfigurations = (
				DF31F1612B02CC67006A47F4 /* Debug */,
				DF31F1622B02CC67006A47F4 /* Release */,
			);
			defaultConfigurationIsVisible = 0;
			defaultConfigurationName = Release;
		};
		DF9310042B072608003869D5 /* Build configuration list for PBXNativeTarget "TesKey-PhoneTest" */ = {
			isa = XCConfigurationList;
			buildConfigurations = (
				DF9310052B072608003869D5 /* Debug */,
				DF9310062B072608003869D5 /* Release */,
			);
			defaultConfigurationIsVisible = 0;
			defaultConfigurationName = Release;
		};
/* End XCConfigurationList section */

/* Begin XCRemoteSwiftPackageReference section */
		DF3F9D712B095C7000FB2A0E /* XCRemoteSwiftPackageReference "CryptoSwift" */ = {
			isa = XCRemoteSwiftPackageReference;
			repositoryURL = "https://github.com/krzyzanowskim/CryptoSwift.git";
			requirement = {
				kind = upToNextMajorVersion;
				minimumVersion = 1.8.0;
			};
		};
		DFD10B842B03BE00007E8477 /* XCRemoteSwiftPackageReference "swift-protobuf" */ = {
			isa = XCRemoteSwiftPackageReference;
			repositoryURL = "https://github.com/apple/swift-protobuf.git";
			requirement = {
				kind = upToNextMajorVersion;
				minimumVersion = 1.25.1;
			};
		};
/* End XCRemoteSwiftPackageReference section */

/* Begin XCSwiftPackageProductDependency section */
		DF3F9D722B095C7000FB2A0E /* CryptoSwift */ = {
			isa = XCSwiftPackageProductDependency;
			package = DF3F9D712B095C7000FB2A0E /* XCRemoteSwiftPackageReference "CryptoSwift" */;
			productName = CryptoSwift;
		};
		DF93101F2B072678003869D5 /* SwiftProtobuf */ = {
			isa = XCSwiftPackageProductDependency;
			package = DFD10B842B03BE00007E8477 /* XCRemoteSwiftPackageReference "swift-protobuf" */;
			productName = SwiftProtobuf;
		};
		DFCC0D522B0AEA82004E8D74 /* CryptoSwift */ = {
			isa = XCSwiftPackageProductDependency;
			package = DF3F9D712B095C7000FB2A0E /* XCRemoteSwiftPackageReference "CryptoSwift" */;
			productName = CryptoSwift;
		};
		DFD10B852B03BE00007E8477 /* SwiftProtobuf */ = {
			isa = XCSwiftPackageProductDependency;
			package = DFD10B842B03BE00007E8477 /* XCRemoteSwiftPackageReference "swift-protobuf" */;
			productName = SwiftProtobuf;
		};
/* End XCSwiftPackageProductDependency section */

/* Begin XCVersionGroup section */
		DF930FF02B065FAD003869D5 /* Model.xcdatamodeld */ = {
			isa = XCVersionGroup;
			children = (
				DF930FF12B065FAD003869D5 /* Model.xcdatamodel */,
			);
			currentVersion = DF930FF12B065FAD003869D5 /* Model.xcdatamodel */;
			path = Model.xcdatamodeld;
			sourceTree = "<group>";
			versionGroupType = wrapper.xcdatamodel;
		};
/* End XCVersionGroup section */
	};
	rootObject = DF31F12A2B02CC65006A47F4 /* Project object */;
}
